
Microsoft Visual Studio Solution File, Format Version 12.00
# Visual Studio 15
VisualStudioVersion = 15.0.26228.9
MinimumVisualStudioVersion = 10.0.40219.1
Project("{FAE04EC0-301F-11D3-BF4B-00C04F79EFBC}") = "XBeaconReceiver.Android", "XBeaconReceiver\XBeaconReceiver.Android\XBeaconReceiver.Android.csproj", "{0BDB6CFD-303E-4F0D-B5E7-AF61BC77D1CE}"
EndProject
Project("{FAE04EC0-301F-11D3-BF4B-00C04F79EFBC}") = "XBeaconReceiver", "XBeaconReceiver\XBeaconReceiver\XBeaconReceiver.csproj", "{C8269CA5-62B6-4B7B-A29B-05CE915A8E79}"
EndProject
Project("{FAE04EC0-301F-11D3-BF4B-00C04F79EFBC}") = "XBeaconReceiver.iOS", "XBeaconReceiver\XBeaconReceiver.iOS\XBeaconReceiver.iOS.csproj", "{CD2DD4AF-90C9-4CA7-85D3-5B58D2832CA0}"
EndProject
Project("{FAE04EC0-301F-11D3-BF4B-00C04F79EFBC}") = "XBeaconReceiver.Tests", "XBeaconReceiver\XBeaconReceiver.Tests\XBeaconReceiver.Tests.csproj", "{79C34DE8-979A-4F50-BD35-805928BA5B21}"
EndProject
Global
	GlobalSection(SolutionConfigurationPlatforms) = preSolution
		Ad-Hoc|Any CPU = Ad-Hoc|Any CPU
		Ad-Hoc|iPhone = Ad-Hoc|iPhone
		Ad-Hoc|iPhoneSimulator = Ad-Hoc|iPhoneSimulator
		AppStore|Any CPU = AppStore|Any CPU
		AppStore|iPhone = AppStore|iPhone
		AppStore|iPhoneSimulator = AppStore|iPhoneSimulator
		Debug|Any CPU = Debug|Any CPU
		Debug|iPhone = Debug|iPhone
		Debug|iPhoneSimulator = Debug|iPhoneSimulator
		Release|Any CPU = Release|Any CPU
		Release|iPhone = Release|iPhone
		Release|iPhoneSimulator = Release|iPhoneSimulator
	EndGlobalSection
	GlobalSection(ProjectConfigurationPlatforms) = postSolution
		{0BDB6CFD-303E-4F0D-B5E7-AF61BC77D1CE}.Ad-Hoc|Any CPU.ActiveCfg = Release|Any CPU
		{0BDB6CFD-303E-4F0D-B5E7-AF61BC77D1CE}.Ad-Hoc|Any CPU.Build.0 = Release|Any CPU
		{0BDB6CFD-303E-4F0D-B5E7-AF61BC77D1CE}.Ad-Hoc|Any CPU.Deploy.0 = Release|Any CPU
		{0BDB6CFD-303E-4F0D-B5E7-AF61BC77D1CE}.Ad-Hoc|iPhone.ActiveCfg = Release|Any CPU
		{0BDB6CFD-303E-4F0D-B5E7-AF61BC77D1CE}.Ad-Hoc|iPhone.Build.0 = Release|Any CPU
		{0BDB6CFD-303E-4F0D-B5E7-AF61BC77D1CE}.Ad-Hoc|iPhone.Deploy.0 = Release|Any CPU
		{0BDB6CFD-303E-4F0D-B5E7-AF61BC77D1CE}.Ad-Hoc|iPhoneSimulator.ActiveCfg = Release|Any CPU
		{0BDB6CFD-303E-4F0D-B5E7-AF61BC77D1CE}.Ad-Hoc|iPhoneSimulator.Build.0 = Release|Any CPU
		{0BDB6CFD-303E-4F0D-B5E7-AF61BC77D1CE}.Ad-Hoc|iPhoneSimulator.Deploy.0 = Release|Any CPU
		{0BDB6CFD-303E-4F0D-B5E7-AF61BC77D1CE}.AppStore|Any CPU.ActiveCfg = Release|Any CPU
		{0BDB6CFD-303E-4F0D-B5E7-AF61BC77D1CE}.AppStore|Any CPU.Build.0 = Release|Any CPU
		{0BDB6CFD-303E-4F0D-B5E7-AF61BC77D1CE}.AppStore|Any CPU.Deploy.0 = Release|Any CPU
		{0BDB6CFD-303E-4F0D-B5E7-AF61BC77D1CE}.AppStore|iPhone.ActiveCfg = Release|Any CPU
		{0BDB6CFD-303E-4F0D-B5E7-AF61BC77D1CE}.AppStore|iPhone.Build.0 = Release|Any CPU
		{0BDB6CFD-303E-4F0D-B5E7-AF61BC77D1CE}.AppStore|iPhone.Deploy.0 = Release|Any CPU
		{0BDB6CFD-303E-4F0D-B5E7-AF61BC77D1CE}.AppStore|iPhoneSimulator.ActiveCfg = Release|Any CPU
		{0BDB6CFD-303E-4F0D-B5E7-AF61BC77D1CE}.AppStore|iPhoneSimulator.Build.0 = Release|Any CPU
		{0BDB6CFD-303E-4F0D-B5E7-AF61BC77D1CE}.AppStore|iPhoneSimulator.Deploy.0 = Release|Any CPU
		{0BDB6CFD-303E-4F0D-B5E7-AF61BC77D1CE}.Debug|Any CPU.ActiveCfg = Debug|Any CPU
		{0BDB6CFD-303E-4F0D-B5E7-AF61BC77D1CE}.Debug|Any CPU.Build.0 = Debug|Any CPU
		{0BDB6CFD-303E-4F0D-B5E7-AF61BC77D1CE}.Debug|Any CPU.Deploy.0 = Debug|Any CPU
		{0BDB6CFD-303E-4F0D-B5E7-AF61BC77D1CE}.Debug|iPhone.ActiveCfg = Debug|Any CPU
		{0BDB6CFD-303E-4F0D-B5E7-AF61BC77D1CE}.Debug|iPhone.Build.0 = Debug|Any CPU
		{0BDB6CFD-303E-4F0D-B5E7-AF61BC77D1CE}.Debug|iPhone.Deploy.0 = Debug|Any CPU
		{0BDB6CFD-303E-4F0D-B5E7-AF61BC77D1CE}.Debug|iPhoneSimulator.ActiveCfg = Debug|Any CPU
		{0BDB6CFD-303E-4F0D-B5E7-AF61BC77D1CE}.Debug|iPhoneSimulator.Build.0 = Debug|Any CPU
		{0BDB6CFD-303E-4F0D-B5E7-AF61BC77D1CE}.Debug|iPhoneSimulator.Deploy.0 = Debug|Any CPU
		{0BDB6CFD-303E-4F0D-B5E7-AF61BC77D1CE}.Release|Any CPU.ActiveCfg = Release|Any CPU
		{0BDB6CFD-303E-4F0D-B5E7-AF61BC77D1CE}.Release|Any CPU.Build.0 = Release|Any CPU
		{0BDB6CFD-303E-4F0D-B5E7-AF61BC77D1CE}.Release|Any CPU.Deploy.0 = Release|Any CPU
		{0BDB6CFD-303E-4F0D-B5E7-AF61BC77D1CE}.Release|iPhone.ActiveCfg = Release|Any CPU
		{0BDB6CFD-303E-4F0D-B5E7-AF61BC77D1CE}.Release|iPhone.Build.0 = Release|Any CPU
		{0BDB6CFD-303E-4F0D-B5E7-AF61BC77D1CE}.Release|iPhone.Deploy.0 = Release|Any CPU
		{0BDB6CFD-303E-4F0D-B5E7-AF61BC77D1CE}.Release|iPhoneSimulator.ActiveCfg = Release|Any CPU
		{0BDB6CFD-303E-4F0D-B5E7-AF61BC77D1CE}.Release|iPhoneSimulator.Build.0 = Release|Any CPU
		{0BDB6CFD-303E-4F0D-B5E7-AF61BC77D1CE}.Release|iPhoneSimulator.Deploy.0 = Release|Any CPU
		{C8269CA5-62B6-4B7B-A29B-05CE915A8E79}.Ad-Hoc|Any CPU.ActiveCfg = Release|Any CPU
		{C8269CA5-62B6-4B7B-A29B-05CE915A8E79}.Ad-Hoc|Any CPU.Build.0 = Release|Any CPU
		{C8269CA5-62B6-4B7B-A29B-05CE915A8E79}.Ad-Hoc|iPhone.ActiveCfg = Release|Any CPU
		{C8269CA5-62B6-4B7B-A29B-05CE915A8E79}.Ad-Hoc|iPhone.Build.0 = Release|Any CPU
		{C8269CA5-62B6-4B7B-A29B-05CE915A8E79}.Ad-Hoc|iPhoneSimulator.ActiveCfg = Release|Any CPU
		{C8269CA5-62B6-4B7B-A29B-05CE915A8E79}.Ad-Hoc|iPhoneSimulator.Build.0 = Release|Any CPU
		{C8269CA5-62B6-4B7B-A29B-05CE915A8E79}.AppStore|Any CPU.ActiveCfg = Release|Any CPU
		{C8269CA5-62B6-4B7B-A29B-05CE915A8E79}.AppStore|Any CPU.Build.0 = Release|Any CPU
		{C8269CA5-62B6-4B7B-A29B-05CE915A8E79}.AppStore|iPhone.ActiveCfg = Release|Any CPU
		{C8269CA5-62B6-4B7B-A29B-05CE915A8E79}.AppStore|iPhone.Build.0 = Release|Any CPU
		{C8269CA5-62B6-4B7B-A29B-05CE915A8E79}.AppStore|iPhoneSimulator.ActiveCfg = Release|Any CPU
		{C8269CA5-62B6-4B7B-A29B-05CE915A8E79}.AppStore|iPhoneSimulator.Build.0 = Release|Any CPU
		{C8269CA5-62B6-4B7B-A29B-05CE915A8E79}.Debug|Any CPU.ActiveCfg = Debug|Any CPU
		{C8269CA5-62B6-4B7B-A29B-05CE915A8E79}.Debug|Any CPU.Build.0 = Debug|Any CPU
		{C8269CA5-62B6-4B7B-A29B-05CE915A8E79}.Debug|iPhone.ActiveCfg = Debug|Any CPU
		{C8269CA5-62B6-4B7B-A29B-05CE915A8E79}.Debug|iPhone.Build.0 = Debug|Any CPU
		{C8269CA5-62B6-4B7B-A29B-05CE915A8E79}.Debug|iPhoneSimulator.ActiveCfg = Debug|Any CPU
		{C8269CA5-62B6-4B7B-A29B-05CE915A8E79}.Debug|iPhoneSimulator.Build.0 = Debug|Any CPU
		{C8269CA5-62B6-4B7B-A29B-05CE915A8E79}.Release|Any CPU.ActiveCfg = Release|Any CPU
		{C8269CA5-62B6-4B7B-A29B-05CE915A8E79}.Release|Any CPU.Build.0 = Release|Any CPU
		{C8269CA5-62B6-4B7B-A29B-05CE915A8E79}.Release|iPhone.ActiveCfg = Release|Any CPU
		{C8269CA5-62B6-4B7B-A29B-05CE915A8E79}.Release|iPhone.Build.0 = Release|Any CPU
		{C8269CA5-62B6-4B7B-A29B-05CE915A8E79}.Release|iPhoneSimulator.ActiveCfg = Release|Any CPU
		{C8269CA5-62B6-4B7B-A29B-05CE915A8E79}.Release|iPhoneSimulator.Build.0 = Release|Any CPU
		{CD2DD4AF-90C9-4CA7-85D3-5B58D2832CA0}.Ad-Hoc|Any CPU.ActiveCfg = Ad-Hoc|iPhone
		{CD2DD4AF-90C9-4CA7-85D3-5B58D2832CA0}.Ad-Hoc|iPhone.ActiveCfg = Ad-Hoc|iPhone
		{CD2DD4AF-90C9-4CA7-85D3-5B58D2832CA0}.Ad-Hoc|iPhone.Build.0 = Ad-Hoc|iPhone
		{CD2DD4AF-90C9-4CA7-85D3-5B58D2832CA0}.Ad-Hoc|iPhoneSimulator.ActiveCfg = Ad-Hoc|iPhoneSimulator
		{CD2DD4AF-90C9-4CA7-85D3-5B58D2832CA0}.Ad-Hoc|iPhoneSimulator.Build.0 = Ad-Hoc|iPhoneSimulator
		{CD2DD4AF-90C9-4CA7-85D3-5B58D2832CA0}.AppStore|Any CPU.ActiveCfg = AppStore|iPhone
		{CD2DD4AF-90C9-4CA7-85D3-5B58D2832CA0}.AppStore|iPhone.ActiveCfg = AppStore|iPhone
		{CD2DD4AF-90C9-4CA7-85D3-5B58D2832CA0}.AppStore|iPhone.Build.0 = AppStore|iPhone
		{CD2DD4AF-90C9-4CA7-85D3-5B58D2832CA0}.AppStore|iPhoneSimulator.ActiveCfg = AppStore|iPhoneSimulator
		{CD2DD4AF-90C9-4CA7-85D3-5B58D2832CA0}.AppStore|iPhoneSimulator.Build.0 = AppStore|iPhoneSimulator
		{CD2DD4AF-90C9-4CA7-85D3-5B58D2832CA0}.Debug|Any CPU.ActiveCfg = Debug|iPhone
		{CD2DD4AF-90C9-4CA7-85D3-5B58D2832CA0}.Debug|iPhone.ActiveCfg = Debug|iPhone
		{CD2DD4AF-90C9-4CA7-85D3-5B58D2832CA0}.Debug|iPhone.Build.0 = Debug|iPhone
		{CD2DD4AF-90C9-4CA7-85D3-5B58D2832CA0}.Debug|iPhoneSimulator.ActiveCfg = Debug|iPhoneSimulator
		{CD2DD4AF-90C9-4CA7-85D3-5B58D2832CA0}.Debug|iPhoneSimulator.Build.0 = Debug|iPhoneSimulator
		{CD2DD4AF-90C9-4CA7-85D3-5B58D2832CA0}.Release|Any CPU.ActiveCfg = Release|iPhone
		{CD2DD4AF-90C9-4CA7-85D3-5B58D2832CA0}.Release|iPhone.ActiveCfg = Release|iPhone
		{CD2DD4AF-90C9-4CA7-85D3-5B58D2832CA0}.Release|iPhone.Build.0 = Release|iPhone
		{CD2DD4AF-90C9-4CA7-85D3-5B58D2832CA0}.Release|iPhoneSimulator.ActiveCfg = Release|iPhoneSimulator
		{CD2DD4AF-90C9-4CA7-85D3-5B58D2832CA0}.Release|iPhoneSimulator.Build.0 = Release|iPhoneSimulator
		{79C34DE8-979A-4F50-BD35-805928BA5B21}.Ad-Hoc|Any CPU.ActiveCfg = Release|Any CPU
		{79C34DE8-979A-4F50-BD35-805928BA5B21}.Ad-Hoc|Any CPU.Build.0 = Release|Any CPU
		{79C34DE8-979A-4F50-BD35-805928BA5B21}.Ad-Hoc|iPhone.ActiveCfg = Release|Any CPU
		{79C34DE8-979A-4F50-BD35-805928BA5B21}.Ad-Hoc|iPhone.Build.0 = Release|Any CPU
		{79C34DE8-979A-4F50-BD35-805928BA5B21}.Ad-Hoc|iPhoneSimulator.ActiveCfg = Release|Any CPU
		{79C34DE8-979A-4F50-BD35-805928BA5B21}.Ad-Hoc|iPhoneSimulator.Build.0 = Release|Any CPU
		{79C34DE8-979A-4F50-BD35-805928BA5B21}.AppStore|Any CPU.ActiveCfg = Release|Any CPU
		{79C34DE8-979A-4F50-BD35-805928BA5B21}.AppStore|Any CPU.Build.0 = Release|Any CPU
		{79C34DE8-979A-4F50-BD35-805928BA5B21}.AppStore|iPhone.ActiveCfg = Release|Any CPU
		{79C34DE8-979A-4F50-BD35-805928BA5B21}.AppStore|iPhone.Build.0 = Release|Any CPU
		{79C34DE8-979A-4F50-BD35-805928BA5B21}.AppStore|iPhoneSimulator.ActiveCfg = Release|Any CPU
		{79C34DE8-979A-4F50-BD35-805928BA5B21}.AppStore|iPhoneSimulator.Build.0 = Release|Any CPU
		{79C34DE8-979A-4F50-BD35-805928BA5B21}.Debug|Any CPU.ActiveCfg = Debug|Any CPU
		{79C34DE8-979A-4F50-BD35-805928BA5B21}.Debug|Any CPU.Build.0 = Debug|Any CPU
		{79C34DE8-979A-4F50-BD35-805928BA5B21}.Debug|iPhone.ActiveCfg = Debug|Any CPU
		{79C34DE8-979A-4F50-BD35-805928BA5B21}.Debug|iPhone.Build.0 = Debug|Any CPU
		{79C34DE8-979A-4F50-BD35-805928BA5B21}.Debug|iPhoneSimulator.ActiveCfg = Debug|Any CPU
		{79C34DE8-979A-4F50-BD35-805928BA5B21}.Debug|iPhoneSimulator.Build.0 = Debug|Any CPU
		{79C34DE8-979A-4F50-BD35-805928BA5B21}.Release|Any CPU.ActiveCfg = Release|Any CPU
		{79C34DE8-979A-4F50-BD35-805928BA5B21}.Release|Any CPU.Build.0 = Release|Any CPU
		{79C34DE8-979A-4F50-BD35-805928BA5B21}.Release|iPhone.ActiveCfg = Release|Any CPU
		{79C34DE8-979A-4F50-BD35-805928BA5B21}.Release|iPhone.Build.0 = Release|Any CPU
		{79C34DE8-979A-4F50-BD35-805928BA5B21}.Release|iPhoneSimulator.ActiveCfg = Release|Any CPU
		{79C34DE8-979A-4F50-BD35-805928BA5B21}.Release|iPhoneSimulator.Build.0 = Release|Any CPU
	EndGlobalSection
	GlobalSection(SolutionProperties) = preSolution
		HideSolutionNode = FALSE
	EndGlobalSection
EndGlobal
